apiVersion: vendir.k14s.io/v1alpha1
directories:
- contents:
  - helmChart:
      appVersion: v1.5.0
      version: v1.5.0
    path: agentgateway
  - helmChart:
      appVersion: v1.5.0
      version: v1.5.0
    path: agentgateway-crds
  path: vendor
- contents:
  - directory: {}
    path: .
  path: helm/agentgateway
- contents:
  - directory: {}
    path: .
  path: helm/agentgateway-crds
kind: LockConfig
